// !$*UTF8*$!
{
	archiveVersion = 1;
	classes = {
	};
	objectVersion = 46;
	objects = {

/* Begin PBXBuildFile section */
		626559172014A46D00C3167A /* AppDelegate.swift in Sources */ = {isa = PBXBuildFile; fileRef = 626559162014A46D00C3167A /* AppDelegate.swift */; };
		626559192014A46D00C3167A /* ViewController.swift in Sources */ = {isa = PBXBuildFile; fileRef = 626559182014A46D00C3167A /* ViewController.swift */; };
		6265591C2014A46D00C3167A /* Main.storyboard in Resources */ = {isa = PBXBuildFile; fileRef = 6265591A2014A46D00C3167A /* Main.storyboard */; };
		6265591E2014A46D00C3167A /* Assets.xcassets in Resources */ = {isa = PBXBuildFile; fileRef = 6265591D2014A46D00C3167A /* Assets.xcassets */; };
		626559212014A46D00C3167A /* LaunchScreen.storyboard in Resources */ = {isa = PBXBuildFile; fileRef = 6265591F2014A46D00C3167A /* LaunchScreen.storyboard */; };
/* End PBXBuildFile section */

/* Begin PBXFileReference section */
		626559132014A46D00C3167A /* Balanza01.app */ = {isa = PBXFileReference; explicitFileType = wrapper.application; includeInIndex = 0; path = Balanza01.app; sourceTree = BUILT_PRODUCTS_DIR; };
		626559162014A46D00C3167A /* AppDelegate.swift */ = {isa = PBXFileReference; lastKnownFileType = sourcecode.swift; path = AppDelegate.swift; sourceTree = "<group>"; };
		626559182014A46D00C3167A /* ViewController.swift */ = {isa = PBXFileReference; lastKnownFileType = sourcecode.swift; path = ViewController.swift; sourceTree = "<group>"; };
		6265591B2014A46D00C3167A /* Base */ = {isa = PBXFileReference; lastKnownFileType = file.storyboard; name = Base; path = Base.lproj/Main.storyboard; sourceTree = "<group>"; };
		6265591D2014A46D00C3167A /* Assets.xcassets */ = {isa = PBXFileReference; lastKnownFileType = folder.assetcatalog; path = Assets.xcassets; sourceTree = "<group>"; };
		626559202014A46D00C3167A /* Base */ = {isa = PBXFileReference; lastKnownFileType = file.storyboard; name = Base; path = Base.lproj/LaunchScreen.storyboard; sourceTree = "<group>"; };
		626559222014A46D00C3167A /* Info.plist */ = {isa = PBXFileReference; lastKnownFileType = text.plist.xml; path = Info.plist; sourceTree = "<group>"; };
/* End PBXFileReference section */

/* Begin PBXFrameworksBuildPhase section */
		626559102014A46D00C3167A /* Frameworks */ = {
			isa = PBXFrameworksBuildPhase;
			buildActionMask = 2147483647;
			files = (
			);
			runOnlyForDeploymentPostprocessing = 0;
		};
/* End PBXFrameworksBuildPhase section */

/* Begin PBXGroup section */
		6265590A2014A46D00C3167A = {
			isa = PBXGroup;
			children = (
				626559152014A46D00C3167A /* Balanza01 */,
				626559142014A46D00C3167A /* Products */,
			);
			sourceTree = "<group>";
		};
		626559142014A46D00C3167A /* Products */ = {
			isa = PBXGroup;
			children = (
				626559132014A46D00C3167A /* Balanza01.app */,
			);
			name = Products;
			sourceTree = "<group>";
		};
		626559152014A46D00C3167A /* Balanza01 */ = {
			isa = PBXGroup;
			children = (
				626559162014A46D00C3167A /* AppDelegate.swift */,
				626559182014A46D00C3167A /* ViewController.swift */,
				6265591A2014A46D00C3167A /* Main.storyboard */,
				6265591D2014A46D00C3167A /* Assets.xcassets */,
				6265591F2014A46D00C3167A /* LaunchScreen.storyboard */,
				626559222014A46D00C3167A /* Info.plist */,
			);
			path = Balanza01;
			sourceTree = "<group>";
		};
/* End PBXGroup section */

/* Begin PBXNativeTarget section */
		626559122014A46D00C3167A /* Balanza01 */ = {
			isa = PBXNativeTarget;
			buildConfigurationList = 626559252014A46D00C3167A /* Build configuration list for PBXNativeTarget "Balanza01" */;
			buildPhases = (
				6265590F2014A46D00C3167A /* Sources */,
				626559102014A46D00C3167A /* Frameworks */,
				626559112014A46D00C3167A /* Resources */,
			);
			buildRules = (
			);
			dependencies = (
			);
			name = Balanza01;
			productName = Balanza01;
			productReference = 626559132014A46D00C3167A /* Balanza01.app */;
			productType = "com.apple.product-type.application";
		};
/* End PBXNativeTarget section */

/* Begin PBXProject section */
		6265590B2014A46D00C3167A /* Project object */ = {
			isa = PBXProject;
			attributes = {
				LastSwiftUpdateCheck = 0820;
				LastUpgradeCheck = 0820;
				ORGANIZATIONNAME = "Alvar Arias";
				TargetAttributes = {
					626559122014A46D00C3167A = {
						CreatedOnToolsVersion = 8.2.1;
						DevelopmentTeam = DDWAVNG7Q4;
						ProvisioningStyle = Automatic;
					};
				};
			};
			buildConfigurationList = 6265590E2014A46D00C3167A /* Build configuration list for PBXProject "Balanza01" */;
			compatibilityVersion = "Xcode 3.2";
			developmentRegion = English;
			hasScannedForEncodings = 0;
			knownRegions = (
				en,
				Base,
			);
			mainGroup = 6265590A2014A46D00C3167A;
			productRefGroup = 626559142014A46D00C3167A /* Products */;
			projectDirPath = "";
			projectRoot = "";
			targets = (
				626559122014A46D00C3167A /* Balanza01 */,
			);
		};
/* End PBXProject section */

/* Begin PBXResourcesBuildPhase section */
		626559112014A46D00C3167A /* Resources */ = {
			isa = PBXResourcesBuildPhase;
			buildActionMask = 2147483647;
			files = (
				626559212014A46D00C3167A /* LaunchScreen.storyboard in Resources */,
				6265591E2014A46D00C3167A /* Assets.xcassets in Resources */,
				6265591C2014A46D00C3167A /* Main.storyboard in Resources */,
			);
			runOnlyForDeploymentPostprocessing = 0;
		};
/* End PBXResourcesBuildPhase section */

/* Begin PBXSourcesBuildPhase section */
		6265590F2014A46D00C3167A /* Sources */ = {
			isa = PBXSourcesBuildPhase;
			buildActionMask = 2147483647;
			files = (
				626559192014A46D00C3167A /* ViewController.swift in Sources */,
				626559172014A46D00C3167A /* AppDelegate.swift in Sources */,
			);
			runOnlyForDeploymentPostprocessing = 0;
		};
/* End PBXSourcesBuildPhase section */

/* Begin PBXVariantGroup section */
		6265591A2014A46D00C3167A /* Main.storyboard */ = {
			isa = PBXVariantGroup;
			children = (
				6265591B2014A46D00C3167A /* Base */,
			);
			name = Main.storyboard;
			sourceTree = "<group>";
		};
		6265591F2014A46D00C3167A /* LaunchScreen.storyboard */ = {
			isa = PBXVariantGroup;
			children = (
				626559202014A46D00C3167A /* Base */,
			);
			name = LaunchScreen.storyboard;
			sourceTree = "<group>";
		};
/* End PBXVariantGroup section */

/* Begin XCBuildConfiguration section */
		626559232014A46D00C3167A /* Debug */ = {
			isa = XCBuildConfiguration;
			buildSettings = {
				ALWAYS_SEARCH_USER_PATHS = NO;
				CLANG_ANALYZER_NONNULL = YES;
				CLANG_CXX_LANGUAGE_STANDARD = "gnu++0x";
				CLANG_CXX_LIBRARY = "libc++";
				CLANG_ENABLE_MODULES = YES;
				CLANG_ENABLE_OBJC_ARC = YES;
				CLANG_WARN_BOOL_CONVERSION = YES;
				CLANG_WARN_CONSTANT_CONVERSION = YES;
				CLANG_WARN_DIRECT_OBJC_ISA_USAGE = YES_ERROR;
				CLANG_WARN_DOCUMENTATION_COMMENTS = YES;
				CLANG_WARN_EMPTY_BODY = YES;
				CLANG_WARN_ENUM_CONVERSION = YES;
				CLANG_WARN_INFINITE_RECURSION = YES;
				CLANG_WARN_INT_CONVERSION = YES;
				CLANG_WARN_OBJC_ROOT_CLASS = YES_ERROR;
				CLANG_WARN_SUSPICIOUS_MOVE = YES;
				CLANG_WARN_UNREACHABLE_CODE = YES;
				CLANG_WARN__DUPLICATE_METHOD_MATCH = YES;
				"CODE_SIGN_IDENTITY[sdk=iphoneos*]" = "iPhone Developer";
				COPY_PHASE_STRIP = NO;
				DEBUG_INFORMATION_FORMAT = dwarf;
				ENABLE_STRICT_OBJC_MSGSEND = YES;
				ENABLE_TESTABILITY = YES;
				GCC_C_LANGUAGE_STANDARD = gnu99;
				GCC_DYNAMIC_NO_PIC = NO;
				GCC_NO_COMMON_BLOCKS = YES;
				GCC_OPTIMIZATION_LEVEL = 0;
				GCC_PREPROCESSOR_DEFINITIONS = (
					"DEBUG=1",
					"$(inherited)",
				);
				GCC_WARN_64_TO_32_BIT_CONVERSION = YES;
				GCC_WARN_ABOUT_RETURN_TYPE = YES_ERROR;
				GCC_WARN_UNDECLARED_SELECTOR = YES;
				GCC_WARN_UNINITIALIZED_AUTOS = YES_AGGRESSIVE;
				GCC_WARN_UNUSED_FUNCTION = YES;
				GCC_WARN_UNUSED_VARIABLE = YES;
				IPHONEOS_DEPLOYMENT_TARGET = 10.2;
				MTL_ENABLE_DEBUG_INFO = YES;
				ONLY_ACTIVE_ARCH = YES;
				SDKROOT = iphoneos;
				SWIFT_ACTIVE_COMPILATION_CONDITIONS = DEBUG;
				SWIFT_OPTIMIZATION_LEVEL = "-Onone";
				TARGETED_DEVICE_FAMILY = "1,2";
			};
			name = Debug;
		};
		626559242014A46D00C3167A /* Release */ = {
			isa = XCBuildConfiguration;
			buildSettings = {
				ALWAYS_SEARCH_USER_PATHS = NO;
				CLANG_ANALYZER_NONNULL = YES;
				CLANG_CXX_LANGUAGE_STANDARD = "gnu++0x";
				CLANG_CXX_LIBRARY = "libc++";
				CLANG_ENABLE_MODULES = YES;
				CLANG_ENABLE_OBJC_ARC = YES;
				CLANG_WARN_BOOL_CONVERSION = YES;
				CLANG_WARN_CONSTANT_CONVERSION = YES;
				CLANG_WARN_DIRECT_OBJC_ISA_USAGE = YES_ERROR;
				CLANG_WARN_DOCUMENTATION_COMMENTS = YES;
				CLANG_WARN_EMPTY_BODY = YES;
				CLANG_WARN_ENUM_CONVERSION = YES;
				CLANG_WARN_INFINITE_RECURSION = YES;
				CLANG_WARN_INT_CONVERSION = YES;
				CLANG_WARN_OBJC_ROOT_CLASS = YES_ERROR;
				CLANG_WARN_SUSPICIOUS_MOVE = YES;
				CLANG_WARN_UNREACHABLE_CODE = YES;
				CLANG_WARN__DUPLICATE_METHOD_MATCH = YES;
				"CODE_SIGN_IDENTITY[sdk=iphoneos*]" = "iPhone Developer";
				COPY_PHASE_STRIP = NO;
				DEBUG_INFORMATION_FORMAT = "dwarf-with-dsym";
				ENABLE_NS_ASSERTIONS = NO;
				ENABLE_STRICT_OBJC_MSGSEND = YES;
				GCC_C_LANGUAGE_STANDARD = gnu99;
				GCC_NO_COMMON_BLOCKS = YES;
				GCC_WARN_64_TO_32_BIT_CONVERSION = YES;
				GCC_WARN_ABOUT_RETURN_TYPE = YES_ERROR;
				GCC_WARN_UNDECLARED_SELECTOR = YES;
				GCC_WARN_UNINITIALIZED_AUTOS = YES_AGGRESSIVE;
				GCC_WARN_UNUSED_FUNCTION = YES;
				GCC_WARN_UNUSED_VARIABLE = YES;
				IPHONEOS_DEPLOYMENT_TARGET = 10.2;
				MTL_ENABLE_DEBUG_INFO = NO;
				SDKROOT = iphoneos;
				SWIFT_OPTIMIZATION_LEVEL = "-Owholemodule";
				TARGETED_DEVICE_FAMILY = "1,2";
				VALIDATE_PRODUCT = YES;
			};
			name = Release;
		};
		626559262014A46D00C3167A /* Debug */ = {
			isa = XCBuildConfiguration;
			buildSettings = {
				ASSETCATALOG_COMPILER_APPICON_NAME = AppIcon;
				DEVELOPMENT_TEAM = DDWAVNG7Q4;
				INFOPLIST_FILE = Balanza01/Info.plist;
				LD_RUNPATH_SEARCH_PATHS = "$(inherited) @executable_path/Frameworks";
				PRODUCT_BUNDLE_IDENTIFIER = com.audiomapp.Balanza01;
				PRODUCT_NAME = "$(TARGET_NAME)";
				SWIFT_VERSION = 3.0;
			};
			name = Debug;
		};
		626559272014A46D00C3167A /* Release */ = {
			isa = XCBuildConfiguration;
			buildSettings = {
				ASSETCATALOG_COMPILER_APPICON_NAME = AppIcon;
				DEVELOPMENT_TEAM = DDWAVNG7Q4;
				INFOPLIST_FILE = Balanza01/Info.plist;
				LD_RUNPATH_SEARCH_PATHS = "$(inherited) @executable_path/Frameworks";
				PRODUCT_BUNDLE_IDENTIFIER = com.audiomapp.Balanza01;
				PRODUCT_NAME = "$(TARGET_NAME)";
				SWIFT_VERSION = 3.0;
			};
			name = Release;
		};
/* End XCBuildConfiguration section */

/* Begin XCConfigurationList section */
		6265590E2014A46D00C3167A /* Build configuration list for PBXProject "Balanza01" */ = {
			isa = XCConfigurationList;
			buildConfigurations = (
				626559232014A46D00C3167A /* Debug */,
				626559242014A46D00C3167A /* Release */,
			);
			defaultConfigurationIsVisible = 0;
			defaultConfigurationName = Release;
		};
		626559252014A46D00C3167A /* Build configuration list for PBXNativeTarget "Balanza01" */ = {
			isa = XCConfigurationList;
			buildConfigurations = (
				626559262014A46D00C3167A /* Debug */,
				626559272014A46D00C3167A /* Release */,
			);
			defaultConfigurationIsVisible = 0;
			defaultConfigurationName = Release;
		};
/* End XCConfigurationList section */
	};
	rootObject = 6265590B2014A46D00C3167A /* Project object */;
}
